
Microsoft Visual Studio Solution File, Format Version 12.00
# Visual Studio Version 16
VisualStudioVersion = 16.0.29709.97
MinimumVisualStudioVersion = 10.0.40219.1
Project("{FAE04EC0-301F-11D3-BF4B-00C04F79EFBC}") = "Uno", "Uno\Uno.csproj", "{ADC33528-E0B2-475D-A6E5-D34A8D2CF930}"
EndProject
Global
	GlobalSection(SolutionConfigurationPlatforms) = preSolution
		Debug|Any CPU = Debug|Any CPU
		Release|Any CPU = Release|Any CPU
	EndGlobalSection
	GlobalSection(ProjectConfigurationPlatforms) = postSolution
		{ADC33528-E0B2-475D-A6E5-D34A8D2CF930}.Debug|Any CPU.ActiveCfg = Debug|Any CPU
		{ADC33528-E0B2-475D-A6E5-D34A8D2CF930}.Debug|Any CPU.Build.0 = Debug|Any CPU
		{ADC33528-E0B2-475D-A6E5-D34A8D2CF930}.Release|Any CPU.ActiveCfg = Release|Any CPU
		{ADC33528-E0B2-475D-A6E5-D34A8D2CF930}.Release|Any CPU.Build.0 = Release|Any CPU
	EndGlobalSection
	GlobalSection(SolutionProperties) = preSolution
		HideSolutionNode = FALSE
	EndGlobalSection
	GlobalSection(ExtensibilityGlobals) = postSolution
		SolutionGuid = {A224F05A-A990-453F-BCB4-57FDEC8CA6CA}
	EndGlobalSection
EndGlobal
